
Microsoft Visual Studio Solution File, Format Version 12.00
# Visual Studio 15
VisualStudioVersion = 15.0.26228.4
MinimumVisualStudioVersion = 10.0.40219.1
Project("{FAE04EC0-301F-11D3-BF4B-00C04F79EFBC}") = "SpotiSync_Windows", "SpotiSync_Windows\SpotiSync_Windows.csproj", "{E94D0A68-D3C5-4294-8220-1EFB97A730DC}"
EndProject
Project("{2150E333-8FDC-42A3-9474-1A3956D46DE8}") = "Windows Client", "Windows Client", "{D90BD105-AD21-4FAD-BB73-CC92F63D4165}"
EndProject
Project("{2150E333-8FDC-42A3-9474-1A3956D46DE8}") = "API", "API", "{E0E9EC1C-2124-4007-848A-85382F056A50}"
EndProject
Project("{FAE04EC0-301F-11D3-BF4B-00C04F79EFBC}") = "SpotiSync_Common", "SpotiSync_Common\SpotiSync_Common.csproj", "{269D109C-2B5C-40D5-A5F8-87784275CD46}"
EndProject
Project("{FAE04EC0-301F-11D3-BF4B-00C04F79EFBC}") = "SpotiySync_Web", "SpotiySync_Web\SpotiySync_Web.csproj", "{5B1A18D7-092E-4A45-B33F-B4F9B43B0CD5}"
EndProject
Project("{FAE04EC0-301F-11D3-BF4B-00C04F79EFBC}") = "SpotiSync_Web.Infrastructure", "SpotiSync_Web.Infrastructure\SpotiSync_Web.Infrastructure.csproj", "{A4FBEB06-9F29-4991-9B11-65BF989C3D93}"
EndProject
Global
	GlobalSection(SolutionConfigurationPlatforms) = preSolution
		Debug|Any CPU = Debug|Any CPU
		Release|Any CPU = Release|Any CPU
	EndGlobalSection
	GlobalSection(ProjectConfigurationPlatforms) = postSolution
		{E94D0A68-D3C5-4294-8220-1EFB97A730DC}.Debug|Any CPU.ActiveCfg = Debug|Any CPU
		{E94D0A68-D3C5-4294-8220-1EFB97A730DC}.Debug|Any CPU.Build.0 = Debug|Any CPU
		{E94D0A68-D3C5-4294-8220-1EFB97A730DC}.Release|Any CPU.ActiveCfg = Release|Any CPU
		{E94D0A68-D3C5-4294-8220-1EFB97A730DC}.Release|Any CPU.Build.0 = Release|Any CPU
		{269D109C-2B5C-40D5-A5F8-87784275CD46}.Debug|Any CPU.ActiveCfg = Debug|Any CPU
		{269D109C-2B5C-40D5-A5F8-87784275CD46}.Debug|Any CPU.Build.0 = Debug|Any CPU
		{269D109C-2B5C-40D5-A5F8-87784275CD46}.Release|Any CPU.ActiveCfg = Release|Any CPU
		{269D109C-2B5C-40D5-A5F8-87784275CD46}.Release|Any CPU.Build.0 = Release|Any CPU
		{5B1A18D7-092E-4A45-B33F-B4F9B43B0CD5}.Debug|Any CPU.ActiveCfg = Debug|Any CPU
		{5B1A18D7-092E-4A45-B33F-B4F9B43B0CD5}.Debug|Any CPU.Build.0 = Debug|Any CPU
		{5B1A18D7-092E-4A45-B33F-B4F9B43B0CD5}.Release|Any CPU.ActiveCfg = Release|Any CPU
		{5B1A18D7-092E-4A45-B33F-B4F9B43B0CD5}.Release|Any CPU.Build.0 = Release|Any CPU
		{A4FBEB06-9F29-4991-9B11-65BF989C3D93}.Debug|Any CPU.ActiveCfg = Debug|Any CPU
		{A4FBEB06-9F29-4991-9B11-65BF989C3D93}.Debug|Any CPU.Build.0 = Debug|Any CPU
		{A4FBEB06-9F29-4991-9B11-65BF989C3D93}.Release|Any CPU.ActiveCfg = Release|Any CPU
		{A4FBEB06-9F29-4991-9B11-65BF989C3D93}.Release|Any CPU.Build.0 = Release|Any CPU
	EndGlobalSection
	GlobalSection(SolutionProperties) = preSolution
		HideSolutionNode = FALSE
	EndGlobalSection
	GlobalSection(NestedProjects) = preSolution
		{E94D0A68-D3C5-4294-8220-1EFB97A730DC} = {D90BD105-AD21-4FAD-BB73-CC92F63D4165}
		{5B1A18D7-092E-4A45-B33F-B4F9B43B0CD5} = {E0E9EC1C-2124-4007-848A-85382F056A50}
		{A4FBEB06-9F29-4991-9B11-65BF989C3D93} = {E0E9EC1C-2124-4007-848A-85382F056A50}
	EndGlobalSection
EndGlobal
